
Microsoft Visual Studio Solution File, Format Version 11.00
# Visual Studio 2010
Project("{FAE04EC0-301F-11D3-BF4B-00C04F79EFBC}") = "Canary.Web", "src\Canary.Web\Canary.Web.csproj", "{EFC54B48-96DF-4610-AB7D-5BD83C1BC5B7}"
EndProject
Project("{FAE04EC0-301F-11D3-BF4B-00C04F79EFBC}") = "Canary", "Canary\Canary.csproj", "{A36BE711-FC95-451F-BDAD-FFEE11EE54A7}"
EndProject
Project("{FAE04EC0-301F-11D3-BF4B-00C04F79EFBC}") = "Canary.Client", "src\Canary.Client\Canary.Client.csproj", "{3DF861C4-7E33-465D-BB32-10BD909953FA}"
EndProject
Project("{FAE04EC0-301F-11D3-BF4B-00C04F79EFBC}") = "Canary.Tests", "Canary.Tests\Canary.Tests.csproj", "{7207368C-3BEF-492B-895A-BAFEA8129AC3}"
EndProject
Global
	GlobalSection(SolutionConfigurationPlatforms) = preSolution
		Debug|Any CPU = Debug|Any CPU
		Release|Any CPU = Release|Any CPU
	EndGlobalSection
	GlobalSection(ProjectConfigurationPlatforms) = postSolution
		{EFC54B48-96DF-4610-AB7D-5BD83C1BC5B7}.Debug|Any CPU.ActiveCfg = Debug|Any CPU
		{EFC54B48-96DF-4610-AB7D-5BD83C1BC5B7}.Debug|Any CPU.Build.0 = Debug|Any CPU
		{EFC54B48-96DF-4610-AB7D-5BD83C1BC5B7}.Release|Any CPU.ActiveCfg = Release|Any CPU
		{EFC54B48-96DF-4610-AB7D-5BD83C1BC5B7}.Release|Any CPU.Build.0 = Release|Any CPU
		{A36BE711-FC95-451F-BDAD-FFEE11EE54A7}.Debug|Any CPU.ActiveCfg = Debug|Any CPU
		{A36BE711-FC95-451F-BDAD-FFEE11EE54A7}.Debug|Any CPU.Build.0 = Debug|Any CPU
		{A36BE711-FC95-451F-BDAD-FFEE11EE54A7}.Release|Any CPU.ActiveCfg = Release|Any CPU
		{A36BE711-FC95-451F-BDAD-FFEE11EE54A7}.Release|Any CPU.Build.0 = Release|Any CPU
		{3DF861C4-7E33-465D-BB32-10BD909953FA}.Debug|Any CPU.ActiveCfg = Debug|Any CPU
		{3DF861C4-7E33-465D-BB32-10BD909953FA}.Debug|Any CPU.Build.0 = Debug|Any CPU
		{3DF861C4-7E33-465D-BB32-10BD909953FA}.Release|Any CPU.ActiveCfg = Release|Any CPU
		{3DF861C4-7E33-465D-BB32-10BD909953FA}.Release|Any CPU.Build.0 = Release|Any CPU
		{7207368C-3BEF-492B-895A-BAFEA8129AC3}.Debug|Any CPU.ActiveCfg = Debug|Any CPU
		{7207368C-3BEF-492B-895A-BAFEA8129AC3}.Debug|Any CPU.Build.0 = Debug|Any CPU
		{7207368C-3BEF-492B-895A-BAFEA8129AC3}.Release|Any CPU.ActiveCfg = Release|Any CPU
		{7207368C-3BEF-492B-895A-BAFEA8129AC3}.Release|Any CPU.Build.0 = Release|Any CPU
	EndGlobalSection
	GlobalSection(SolutionProperties) = preSolution
		HideSolutionNode = FALSE
	EndGlobalSection
EndGlobal
